
Microsoft Visual Studio Solution File, Format Version 12.00
# Visual Studio 2012
Project("{FAE04EC0-301F-11D3-BF4B-00C04F79EFBC}") = "ReliableIM", "ReliableIM\ReliableIM.csproj", "{C51B3FEE-A6F3-4CCA-9A3A-344D62DC55B8}"
EndProject
Project("{FAE04EC0-301F-11D3-BF4B-00C04F79EFBC}") = "ReliableIMClient", "ReliableIMClient\ReliableIMClient.csproj", "{9194FF23-60F5-40BB-A3E0-92F03B3A232D}"
EndProject
Global
	GlobalSection(SolutionConfigurationPlatforms) = preSolution
		Debug|Any CPU = Debug|Any CPU
		Release|Any CPU = Release|Any CPU
	EndGlobalSection
	GlobalSection(ProjectConfigurationPlatforms) = postSolution
		{C51B3FEE-A6F3-4CCA-9A3A-344D62DC55B8}.Debug|Any CPU.ActiveCfg = Debug|Any CPU
		{C51B3FEE-A6F3-4CCA-9A3A-344D62DC55B8}.Debug|Any CPU.Build.0 = Debug|Any CPU
		{C51B3FEE-A6F3-4CCA-9A3A-344D62DC55B8}.Release|Any CPU.ActiveCfg = Release|Any CPU
		{C51B3FEE-A6F3-4CCA-9A3A-344D62DC55B8}.Release|Any CPU.Build.0 = Release|Any CPU
		{9194FF23-60F5-40BB-A3E0-92F03B3A232D}.Debug|Any CPU.ActiveCfg = Debug|Any CPU
		{9194FF23-60F5-40BB-A3E0-92F03B3A232D}.Debug|Any CPU.Build.0 = Debug|Any CPU
		{9194FF23-60F5-40BB-A3E0-92F03B3A232D}.Release|Any CPU.ActiveCfg = Release|Any CPU
		{9194FF23-60F5-40BB-A3E0-92F03B3A232D}.Release|Any CPU.Build.0 = Release|Any CPU
	EndGlobalSection
	GlobalSection(SolutionProperties) = preSolution
		HideSolutionNode = FALSE
	EndGlobalSection
EndGlobal
